
Microsoft Visual Studio Solution File, Format Version 12.00
# Visual Studio Version 16
VisualStudioVersion = 16.0.31129.286
MinimumVisualStudioVersion = 10.0.40219.1
Project("{FAE04EC0-301F-11D3-BF4B-00C04F79EFBC}") = "myprojectgym", "myprojectgym\myprojectgym.csproj", "{BDBC51C9-4862-4058-94BF-EB947AB8930A}"
EndProject
Global
	GlobalSection(SolutionConfigurationPlatforms) = preSolution
		Debug|Any CPU = Debug|Any CPU
		Release|Any CPU = Release|Any CPU
	EndGlobalSection
	GlobalSection(ProjectConfigurationPlatforms) = postSolution
		{BDBC51C9-4862-4058-94BF-EB947AB8930A}.Debug|Any CPU.ActiveCfg = Debug|Any CPU
		{BDBC51C9-4862-4058-94BF-EB947AB8930A}.Debug|Any CPU.Build.0 = Debug|Any CPU
		{BDBC51C9-4862-4058-94BF-EB947AB8930A}.Release|Any CPU.ActiveCfg = Release|Any CPU
		{BDBC51C9-4862-4058-94BF-EB947AB8930A}.Release|Any CPU.Build.0 = Release|Any CPU
	EndGlobalSection
	GlobalSection(SolutionProperties) = preSolution
		HideSolutionNode = FALSE
	EndGlobalSection
	GlobalSection(ExtensibilityGlobals) = postSolution
		SolutionGuid = {DE52E84B-D17B-4E46-8428-E81381F9ACDB}
	EndGlobalSection
EndGlobal
